
Microsoft Visual Studio Solution File, Format Version 12.00
# Visual Studio Version 17
VisualStudioVersion = 17.10.34928.147
MinimumVisualStudioVersion = 10.0.40219.1
Project("{9A19103F-16F7-4668-BE54-9A1E7A4F7556}") = "Model", "..\MassDataGenerator\Model\Model.csproj", "{F769AD08-EA7B-4EC1-B4FE-2C85B345EC5F}"
EndProject
Project("{FAE04EC0-301F-11D3-BF4B-00C04F79EFBC}") = "View", "View\View.csproj", "{57AE8CF5-A3F1-4BA9-9BA2-46FAA4B30F5A}"
EndProject
Project("{FAE04EC0-301F-11D3-BF4B-00C04F79EFBC}") = "Controller", "Controller\Controller.csproj", "{6AF216FE-911C-483E-8180-3CAC11E0F8F2}"
EndProject
Project("{FAE04EC0-301F-11D3-BF4B-00C04F79EFBC}") = "Service", "Service\Service.csproj", "{FA13C0D5-F935-4D8D-B385-FF6B3C8FC9D1}"
EndProject
Project("{FAE04EC0-301F-11D3-BF4B-00C04F79EFBC}") = "Repository", "Repository\Repository.csproj", "{DBEE29FF-21C8-4411-84A3-C99E5EEE90AC}"
EndProject
Global
	GlobalSection(SolutionConfigurationPlatforms) = preSolution
		Debug|Any CPU = Debug|Any CPU
		Release|Any CPU = Release|Any CPU
	EndGlobalSection
	GlobalSection(ProjectConfigurationPlatforms) = postSolution
		{F769AD08-EA7B-4EC1-B4FE-2C85B345EC5F}.Debug|Any CPU.ActiveCfg = Debug|Any CPU
		{F769AD08-EA7B-4EC1-B4FE-2C85B345EC5F}.Debug|Any CPU.Build.0 = Debug|Any CPU
		{F769AD08-EA7B-4EC1-B4FE-2C85B345EC5F}.Release|Any CPU.ActiveCfg = Release|Any CPU
		{F769AD08-EA7B-4EC1-B4FE-2C85B345EC5F}.Release|Any CPU.Build.0 = Release|Any CPU
		{57AE8CF5-A3F1-4BA9-9BA2-46FAA4B30F5A}.Debug|Any CPU.ActiveCfg = Debug|Any CPU
		{57AE8CF5-A3F1-4BA9-9BA2-46FAA4B30F5A}.Debug|Any CPU.Build.0 = Debug|Any CPU
		{57AE8CF5-A3F1-4BA9-9BA2-46FAA4B30F5A}.Release|Any CPU.ActiveCfg = Release|Any CPU
		{57AE8CF5-A3F1-4BA9-9BA2-46FAA4B30F5A}.Release|Any CPU.Build.0 = Release|Any CPU
		{6AF216FE-911C-483E-8180-3CAC11E0F8F2}.Debug|Any CPU.ActiveCfg = Debug|Any CPU
		{6AF216FE-911C-483E-8180-3CAC11E0F8F2}.Debug|Any CPU.Build.0 = Debug|Any CPU
		{6AF216FE-911C-483E-8180-3CAC11E0F8F2}.Release|Any CPU.ActiveCfg = Release|Any CPU
		{6AF216FE-911C-483E-8180-3CAC11E0F8F2}.Release|Any CPU.Build.0 = Release|Any CPU
		{FA13C0D5-F935-4D8D-B385-FF6B3C8FC9D1}.Debug|Any CPU.ActiveCfg = Debug|Any CPU
		{FA13C0D5-F935-4D8D-B385-FF6B3C8FC9D1}.Debug|Any CPU.Build.0 = Debug|Any CPU
		{FA13C0D5-F935-4D8D-B385-FF6B3C8FC9D1}.Release|Any CPU.ActiveCfg = Release|Any CPU
		{FA13C0D5-F935-4D8D-B385-FF6B3C8FC9D1}.Release|Any CPU.Build.0 = Release|Any CPU
		{DBEE29FF-21C8-4411-84A3-C99E5EEE90AC}.Debug|Any CPU.ActiveCfg = Debug|Any CPU
		{DBEE29FF-21C8-4411-84A3-C99E5EEE90AC}.Debug|Any CPU.Build.0 = Debug|Any CPU
		{DBEE29FF-21C8-4411-84A3-C99E5EEE90AC}.Release|Any CPU.ActiveCfg = Release|Any CPU
		{DBEE29FF-21C8-4411-84A3-C99E5EEE90AC}.Release|Any CPU.Build.0 = Release|Any CPU
	EndGlobalSection
	GlobalSection(SolutionProperties) = preSolution
		HideSolutionNode = FALSE
	EndGlobalSection
	GlobalSection(ExtensibilityGlobals) = postSolution
		SolutionGuid = {4E5BB214-084E-4265-9002-43D37C9F9D59}
	EndGlobalSection
EndGlobal
